{
  "name": "node",
  "version": "1.0.0",
  "lockfileVersion": 1,
  "requires": true,
  "dependencies": {
    "@babel/runtime": {
      "version": "7.15.3",
      "resolved": "https://registry.nlark.com/@babel/runtime/download/@babel/runtime-7.15.3.tgz",
      "integrity": "sha1-LhwogMoRjlsvmYgyK9inZWoyUCs=",
      "requires": {
        "regenerator-runtime": "^0.13.4"
      }
    },
    "react-router-config": {
      "version": "5.1.1",
      "resolved": "https://registry.npm.taobao.org/react-router-config/download/react-router-config-5.1.1.tgz",
      "integrity": "sha1-D0Jj0agMay3HucGQLJUmR4GUqYg=",
      "requires": {
        "@babel/runtime": "^7.1.2"
      }
    },
    "regenerator-runtime": {
      "version": "0.13.9",
      "resolved": "https://registry.nlark.com/regenerator-runtime/download/regenerator-runtime-0.13.9.tgz?cache=0&sync_timestamp=1626993001371&other_urls=https%3A%2F%2Fregistry.nlark.com%2Fregenerator-runtime%2Fdownload%2Fregenerator-runtime-0.13.9.tgz",
      "integrity": "sha1-iSV0Kpj/2QgUmI11Zq0wyjsmO1I="
    }
  }
}
